
Microsoft Visual Studio Solution File, Format Version 12.00
# Visual Studio Version 17
VisualStudioVersion = 17.11.35327.3
MinimumVisualStudioVersion = 10.0.40219.1
Project("{FAE04EC0-301F-11D3-BF4B-00C04F79EFBC}") = "WpfApp1", "WpfApp1\WpfApp1.csproj", "{0DAC2A8C-74E9-47AA-BB1C-8DF8989C6760}"
EndProject
Global
	GlobalSection(SolutionConfigurationPlatforms) = preSolution
		Debug|Any CPU = Debug|Any CPU
		Release|Any CPU = Release|Any CPU
	EndGlobalSection
	GlobalSection(ProjectConfigurationPlatforms) = postSolution
		{0DAC2A8C-74E9-47AA-BB1C-8DF8989C6760}.Debug|Any CPU.ActiveCfg = Debug|Any CPU
		{0DAC2A8C-74E9-47AA-BB1C-8DF8989C6760}.Debug|Any CPU.Build.0 = Debug|Any CPU
		{0DAC2A8C-74E9-47AA-BB1C-8DF8989C6760}.Release|Any CPU.ActiveCfg = Release|Any CPU
		{0DAC2A8C-74E9-47AA-BB1C-8DF8989C6760}.Release|Any CPU.Build.0 = Release|Any CPU
	EndGlobalSection
	GlobalSection(SolutionProperties) = preSolution
		HideSolutionNode = FALSE
	EndGlobalSection
	GlobalSection(ExtensibilityGlobals) = postSolution
		SolutionGuid = {453731C8-0FB7-426F-9D1F-642CC9E6EC84}
	EndGlobalSection
EndGlobal
